
Microsoft Visual Studio Solution File, Format Version 12.00
Project("{FAE04EC0-301F-11D3-BF4B-00C04F79EFBC}") = "BloodDonor", "BloodDonor\BloodDonor.csproj", "{BFC9BBC9-4CC1-4D70-B13D-0A232812C751}"
EndProject
Global
	GlobalSection(SolutionConfigurationPlatforms) = preSolution
		Debug|Any CPU = Debug|Any CPU
		Release|Any CPU = Release|Any CPU
	EndGlobalSection
	GlobalSection(ProjectConfigurationPlatforms) = postSolution
		{BFC9BBC9-4CC1-4D70-B13D-0A232812C751}.Debug|Any CPU.ActiveCfg = Debug|Any CPU
		{BFC9BBC9-4CC1-4D70-B13D-0A232812C751}.Debug|Any CPU.Build.0 = Debug|Any CPU
		{BFC9BBC9-4CC1-4D70-B13D-0A232812C751}.Release|Any CPU.ActiveCfg = Release|Any CPU
		{BFC9BBC9-4CC1-4D70-B13D-0A232812C751}.Release|Any CPU.Build.0 = Release|Any CPU
	EndGlobalSection
EndGlobal
